# THIS IS AN AUTOGENERATED FILE. DO NOT EDIT THIS FILE DIRECTLY.
# yarn lockfile v1


adjectives@1.0.2:
  version "1.0.2"
  resolved "https://registry.npmjs.org/adjectives/-/adjectives-1.0.2.tgz"
  integrity sha512-gaoTLTymNfCmuCPsLSDcz/WWFBxNlAOoDzWt2fInQqQ2BTT57lG0RHzBujS0QkwbGw4lHgpkOmYcQ9rktKfBmw==

animals@0.0.3:
  version "0.0.3"
  resolved "https://registry.npmjs.org/animals/-/animals-0.0.3.tgz"
  integrity sha512-dng+h/BHEBDbShw/xCDnD/GSgFaQpKaFHTf7AmHnjJDz2Hey2tFT6f8ZbrJSLFZCt2hDqQl6QeAjFBK0UDcOiQ==
  dependencies:
    minimist "^0.2.0"
    unique-random "^0.1.1"

minimist@^0.2.0:
  version "0.2.1"
  resolved "https://registry.npmjs.org/minimist/-/minimist-0.2.1.tgz"
  integrity sha512-GY8fANSrTMfBVfInqJAY41QkOM+upUTytK1jZ0c8+3HdHrJxBJ3rF5i9moClXTE8uUSnUo8cAsCoxDXvSY4DHg==

pluralize@8.0.0:
  version "8.0.0"
  resolved "https://registry.npmjs.org/pluralize/-/pluralize-8.0.0.tgz"
  integrity sha512-Nc3IT5yHzflTfbjgqWcCPpo7DaKy4FnpB0l/zCAW0Tc7jxAiuqSxHasntB3D7887LSrA93kDJ9IXovxJYxyLCA==

typescript@^5.2.2:
  version "5.2.2"
  resolved "https://registry.npmjs.org/typescript/-/typescript-5.2.2.tgz"
  integrity sha512-mI4WrpHsbCIcwT9cF4FZvr80QUeKvsUsUvKDoR+X/7XHQH98xYD8YHZg7ANtz2GtZt/CBq2QJ0thkGJMHfqc1w==

unique-random@^0.1.1:
  version "0.1.1"
  resolved "https://registry.npmjs.org/unique-random/-/unique-random-0.1.1.tgz"
  integrity sha1-xMyqvtqrhTTg9U2vXxB0PuXGkq0= sha512-lwUnHNj3lGKxLWkt6Mv5ZDIFpA68Y3IBstzCmCPjyRRnL7MSFgBfOyU+35RuzgQ7yRAnRw9o25e28YqvpZfYug==
